
Microsoft Visual Studio Solution File, Format Version 12.00
# Visual Studio Version 17
VisualStudioVersion = 17.9.34616.47
MinimumVisualStudioVersion = 10.0.40219.1
Project("{FAE04EC0-301F-11D3-BF4B-00C04F79EFBC}") = "Login System", "Login System\Login System.csproj", "{3336BA08-F0BE-4C64-A89E-20A92F26D3E9}"
EndProject
Global
	GlobalSection(SolutionConfigurationPlatforms) = preSolution
		Debug|Any CPU = Debug|Any CPU
		Release|Any CPU = Release|Any CPU
	EndGlobalSection
	GlobalSection(ProjectConfigurationPlatforms) = postSolution
		{3336BA08-F0BE-4C64-A89E-20A92F26D3E9}.Debug|Any CPU.ActiveCfg = Debug|Any CPU
		{3336BA08-F0BE-4C64-A89E-20A92F26D3E9}.Debug|Any CPU.Build.0 = Debug|Any CPU
		{3336BA08-F0BE-4C64-A89E-20A92F26D3E9}.Release|Any CPU.ActiveCfg = Release|Any CPU
		{3336BA08-F0BE-4C64-A89E-20A92F26D3E9}.Release|Any CPU.Build.0 = Release|Any CPU
	EndGlobalSection
	GlobalSection(SolutionProperties) = preSolution
		HideSolutionNode = FALSE
	EndGlobalSection
	GlobalSection(ExtensibilityGlobals) = postSolution
		SolutionGuid = {C3AE9114-694E-470F-853E-79F1CEAC77D0}
	EndGlobalSection
EndGlobal
